
Microsoft Visual Studio Solution File, Format Version 11.00
# Visual Studio 2010
Project("{FAE04EC0-301F-11D3-BF4B-00C04F79EFBC}") = "nats-client", "nats-client\nats-client.csproj", "{58F4C91D-8823-4F5A-B64D-1F8A7FCD1635}"
EndProject
Project("{FAE04EC0-301F-11D3-BF4B-00C04F79EFBC}") = "nats-client-test", "test\nats-client-test.csproj", "{120C748A-620A-11E3-A760-406C8F157946}"
EndProject
Global
	GlobalSection(SolutionConfigurationPlatforms) = preSolution
		Debug|Any CPU = Debug|Any CPU
		Release|Any CPU = Release|Any CPU
	EndGlobalSection
	GlobalSection(ProjectConfigurationPlatforms) = postSolution
		{120C748A-620A-11E3-A760-406C8F157946}.Debug|Any CPU.ActiveCfg = Debug|Any CPU
		{120C748A-620A-11E3-A760-406C8F157946}.Debug|Any CPU.Build.0 = Debug|Any CPU
		{120C748A-620A-11E3-A760-406C8F157946}.Release|Any CPU.ActiveCfg = Release|Any CPU
		{120C748A-620A-11E3-A760-406C8F157946}.Release|Any CPU.Build.0 = Release|Any CPU
		{58F4C91D-8823-4F5A-B64D-1F8A7FCD1635}.Debug|Any CPU.ActiveCfg = Debug|Any CPU
		{58F4C91D-8823-4F5A-B64D-1F8A7FCD1635}.Debug|Any CPU.Build.0 = Debug|Any CPU
		{58F4C91D-8823-4F5A-B64D-1F8A7FCD1635}.Release|Any CPU.ActiveCfg = Release|Any CPU
		{58F4C91D-8823-4F5A-B64D-1F8A7FCD1635}.Release|Any CPU.Build.0 = Release|Any CPU
	EndGlobalSection
	GlobalSection(MonoDevelopProperties) = preSolution
		StartupItem = test\nats-client-test.csproj
	EndGlobalSection
EndGlobal
